Microsoft Visual Studio Solution File, Format Version 12.00
# Visual Studio 2012
Project("{FAE04EC0-301F-11D3-BF4B-00C04F79EFBC}") = "Alfa E Betto", "Alfa E Betto.csproj", "{69C41D8C-65BA-4232-BE1A-4083B00545B9}"
EndProject
Global
	GlobalSection(SolutionConfigurationPlatforms) = preSolution
	Debug|Any CPU = Debug|Any CPU
	ExportDebug|Any CPU = ExportDebug|Any CPU
	ExportRelease|Any CPU = ExportRelease|Any CPU
	EndGlobalSection
	GlobalSection(ProjectConfigurationPlatforms) = postSolution
		{69C41D8C-65BA-4232-BE1A-4083B00545B9}.Debug|Any CPU.ActiveCfg = Debug|Any CPU
		{69C41D8C-65BA-4232-BE1A-4083B00545B9}.Debug|Any CPU.Build.0 = Debug|Any CPU
		{69C41D8C-65BA-4232-BE1A-4083B00545B9}.ExportDebug|Any CPU.ActiveCfg = ExportDebug|Any CPU
		{69C41D8C-65BA-4232-BE1A-4083B00545B9}.ExportDebug|Any CPU.Build.0 = ExportDebug|Any CPU
		{69C41D8C-65BA-4232-BE1A-4083B00545B9}.ExportRelease|Any CPU.ActiveCfg = ExportRelease|Any CPU
		{69C41D8C-65BA-4232-BE1A-4083B00545B9}.ExportRelease|Any CPU.Build.0 = ExportRelease|Any CPU
	EndGlobalSection
EndGlobal
